# THIS IS AN AUTOGENERATED FILE. DO NOT EDIT THIS FILE DIRECTLY.
# yarn lockfile v1


wmr@^1.0.0:
  version "1.0.0"
  resolved "https://registry.yarnpkg.com/wmr/-/wmr-1.0.0.tgz#3e058597716228a13a570aa7e7aacc2a2b479e15"
  integrity sha512-e4skIObjY4V7tERFSTemBw2RXuj0eDpJEVqPggMtwFlDqeCGD1g7aS32ElEf+AfreF2hSAN/F1lB7j1PHUlBdw==
